github.com/google/uuid v1.6.0 h1:NIvaJDMOsjHA8n1jAhLSgzrAzy1Hgr+hNrb57e+94F0=
github.com/google/uuid v1.6.0/go.mod h1:TIyPZe4MgqvfeYDBFedMoGGpEw/LqOeaOT+nhxU+yHo=
github.com/selfhoster1312/go-xmpp v0.0.0-20251025163107-4fc2a287a5ee h1:O4oPVGk+/FUaZubagHHt/Ng5pe3gWVnk3dpfT+BFw00=
github.com/selfhoster1312/go-xmpp v0.0.0-20251025163107-4fc2a287a5ee/go.mod h1:hLa9WAf0VRpSVguhme06Df+7mIQ6enCEG8udUNYcqX4=
golang.org/x/net v0.46.0 h1:giFlY12I07fugqwPuWJi68oOnpfqFnJIJzaIIm2JVV4=
golang.org/x/net v0.46.0/go.mod h1:Q9BGdFy1y4nkUwiLvT5qtyhAnEHgnQ/zd8PfU6nc210=
